// !$*UTF8*$!
{
	archiveVersion = 1;
	classes = {
	};
	objectVersion = 51;
	objects = {

/* Begin PBXBuildFile section */
		02554FB727A2E0730069AC9F /* AppDelegate.swift in Sources */ = {isa = PBXBuildFile; fileRef = 02554FB627A2E0730069AC9F /* AppDelegate.swift */; };
		02554FB927A2E0730069AC9F /* SceneDelegate.swift in Sources */ = {isa = PBXBuildFile; fileRef = 02554FB827A2E0730069AC9F /* SceneDelegate.swift */; };
		02554FBB27A2E0730069AC9F /* ViewController.swift in Sources */ = {isa = PBXBuildFile; fileRef = 02554FBA27A2E0730069AC9F /* ViewController.swift */; };
		02554FBE27A2E0730069AC9F /* Main.storyboard in Resources */ = {isa = PBXBuildFile; fileRef = 02554FBC27A2E0730069AC9F /* Main.storyboard */; };
		02554FC127A2E0730069AC9F /* SportsApp.xcdatamodeld in Sources */ = {isa = PBXBuildFile; fileRef = 02554FBF27A2E0730069AC9F /* SportsApp.xcdatamodeld */; };
		02554FC327A2E0760069AC9F /* Assets.xcassets in Resources */ = {isa = PBXBuildFile; fileRef = 02554FC227A2E0760069AC9F /* Assets.xcassets */; };
		02554FC627A2E0760069AC9F /* LaunchScreen.storyboard in Resources */ = {isa = PBXBuildFile; fileRef = 02554FC427A2E0760069AC9F /* LaunchScreen.storyboard */; };
		02591ADC27A7E8C5004193C6 /* FavouriteViewController.swift in Sources */ = {isa = PBXBuildFile; fileRef = 02591ADB27A7E8C5004193C6 /* FavouriteViewController.swift */; };
		0259D23E27A5EAB700CFF3BE /* SecondStoryboard.storyboard in Resources */ = {isa = PBXBuildFile; fileRef = 0259D23D27A5EAB700CFF3BE /* SecondStoryboard.storyboard */; };
		026E867227A9189F00AF628A /* LeaguesVCPresenter.swift in Sources */ = {isa = PBXBuildFile; fileRef = 026E867127A9189F00AF628A /* LeaguesVCPresenter.swift */; };
		0288474F27A72167002894BE /* TargetType.swift in Sources */ = {isa = PBXBuildFile; fileRef = 0288474E27A72167002894BE /* TargetType.swift */; };
		0288475127A722B2002894BE /* BaseApi.swift in Sources */ = {isa = PBXBuildFile; fileRef = 0288475027A722B2002894BE /* BaseApi.swift */; };
		0288475427A74448002894BE /* SportsNetwork.swift in Sources */ = {isa = PBXBuildFile; fileRef = 0288475327A74448002894BE /* SportsNetwork.swift */; };
		0288475627A7456A002894BE /* SportsApi.swift in Sources */ = {isa = PBXBuildFile; fileRef = 0288475527A7456A002894BE /* SportsApi.swift */; };
		0288475827A746C8002894BE /* SportsResponse.swift in Sources */ = {isa = PBXBuildFile; fileRef = 0288475727A746C8002894BE /* SportsResponse.swift */; };
		0288475A27A747D6002894BE /* Sports.swift in Sources */ = {isa = PBXBuildFile; fileRef = 0288475927A747D6002894BE /* Sports.swift */; };
		0288475C27A7522B002894BE /* AllSportsVCPresenter.swift in Sources */ = {isa = PBXBuildFile; fileRef = 0288475B27A7522B002894BE /* AllSportsVCPresenter.swift */; };
		0288475E27A759F9002894BE /* EnumApiLinkes.swift in Sources */ = {isa = PBXBuildFile; fileRef = 0288475D27A759F9002894BE /* EnumApiLinkes.swift */; };
		02C5E4A427A8468B007835E7 /* CollectionFirstScreen.swift in Sources */ = {isa = PBXBuildFile; fileRef = 02C5E4A327A8468B007835E7 /* CollectionFirstScreen.swift */; };
		02C5E4A627A846BD007835E7 /* CollectionViewCell.swift in Sources */ = {isa = PBXBuildFile; fileRef = 02C5E4A527A846BD007835E7 /* CollectionViewCell.swift */; };
		02C5E4A827A846C5007835E7 /* CollectionView+PresenterDelegate.swift in Sources */ = {isa = PBXBuildFile; fileRef = 02C5E4A727A846C5007835E7 /* CollectionView+PresenterDelegate.swift */; };
		02C5E4AC27A866CD007835E7 /* CheckInternetConnectivity.swift in Sources */ = {isa = PBXBuildFile; fileRef = 02C5E4AB27A866CD007835E7 /* CheckInternetConnectivity.swift */; };
		02C5E4AF27A8768C007835E7 /* TableLeaguesViewController.swift in Sources */ = {isa = PBXBuildFile; fileRef = 02C5E4AE27A8768C007835E7 /* TableLeaguesViewController.swift */; };
		343908D5FA13FEF682B9F603 /* Pods_SportsApp.framework in Frameworks */ = {isa = PBXBuildFile; fileRef = C19F99ACEDB509AA4C1BBAAC /* Pods_SportsApp.framework */; };
		8C04077827A7E833000E29BF /* LeagueDetailsViewController.swift in Sources */ = {isa = PBXBuildFile; fileRef = 8C04077727A7E833000E29BF /* LeagueDetailsViewController.swift */; };
		8C04077A27A7F48A000E29BF /* Events.swift in Sources */ = {isa = PBXBuildFile; fileRef = 8C04077927A7F48A000E29BF /* Events.swift */; };
		8C04077C27A7F4CA000E29BF /* Teams.swift in Sources */ = {isa = PBXBuildFile; fileRef = 8C04077B27A7F4CA000E29BF /* Teams.swift */; };
		8C04077E27A7F53D000E29BF /* TeamsDetails.swift in Sources */ = {isa = PBXBuildFile; fileRef = 8C04077D27A7F53D000E29BF /* TeamsDetails.swift */; };
		8C04078227A80EB9000E29BF /* LeagueDetailsResponse.swift in Sources */ = {isa = PBXBuildFile; fileRef = 8C04078127A80EB9000E29BF /* LeagueDetailsResponse.swift */; };
		8C04078B27A82DB1000E29BF /* leagueDetailsNetwork.swift in Sources */ = {isa = PBXBuildFile; fileRef = 8C04078A27A82DB1000E29BF /* leagueDetailsNetwork.swift */; };
		8C04078D27A83196000E29BF /* Constans.swift in Sources */ = {isa = PBXBuildFile; fileRef = 8C04078C27A83196000E29BF /* Constans.swift */; };
/* End PBXBuildFile section */

/* Begin PBXFileReference section */
		02554FB327A2E0730069AC9F /* SportsApp.app */ = {isa = PBXFileReference; explicitFileType = wrapper.application; includeInIndex = 0; path = SportsApp.app; sourceTree = BUILT_PRODUCTS_DIR; };
		02554FB627A2E0730069AC9F /* AppDelegate.swift */ = {isa = PBXFileReference; lastKnownFileType = sourcecode.swift; path = AppDelegate.swift; sourceTree = "<group>"; };
		02554FB827A2E0730069AC9F /* SceneDelegate.swift */ = {isa = PBXFileReference; lastKnownFileType = sourcecode.swift; path = SceneDelegate.swift; sourceTree = "<group>"; };
		02554FBA27A2E0730069AC9F /* ViewController.swift */ = {isa = PBXFileReference; lastKnownFileType = sourcecode.swift; path = ViewController.swift; sourceTree = "<group>"; };
		02554FBD27A2E0730069AC9F /* Base */ = {isa = PBXFileReference; lastKnownFileType = file.storyboard; name = Base; path = Base.lproj/Main.storyboard; sourceTree = "<group>"; };
		02554FC027A2E0730069AC9F /* SportsApp.xcdatamodel */ = {isa = PBXFileReference; lastKnownFileType = wrapper.xcdatamodel; path = SportsApp.xcdatamodel; sourceTree = "<group>"; };
		02554FC227A2E0760069AC9F /* Assets.xcassets */ = {isa = PBXFileReference; lastKnownFileType = folder.assetcatalog; path = Assets.xcassets; sourceTree = "<group>"; };
		02554FC527A2E0760069AC9F /* Base */ = {isa = PBXFileReference; lastKnownFileType = file.storyboard; name = Base; path = Base.lproj/LaunchScreen.storyboard; sourceTree = "<group>"; };
		02554FC727A2E0760069AC9F /* Info.plist */ = {isa = PBXFileReference; lastKnownFileType = text.plist.xml; path = Info.plist; sourceTree = "<group>"; };
		02591ADB27A7E8C5004193C6 /* FavouriteViewController.swift */ = {isa = PBXFileReference; lastKnownFileType = sourcecode.swift; path = FavouriteViewController.swift; sourceTree = "<group>"; };
		0259D23D27A5EAB700CFF3BE /* SecondStoryboard.storyboard */ = {isa = PBXFileReference; lastKnownFileType = file.storyboard; path = SecondStoryboard.storyboard; sourceTree = "<group>"; };
		026E867127A9189F00AF628A /* LeaguesVCPresenter.swift */ = {isa = PBXFileReference; lastKnownFileType = sourcecode.swift; path = LeaguesVCPresenter.swift; sourceTree = "<group>"; };
		0288474E27A72167002894BE /* TargetType.swift */ = {isa = PBXFileReference; lastKnownFileType = sourcecode.swift; path = TargetType.swift; sourceTree = "<group>"; };
		0288475027A722B2002894BE /* BaseApi.swift */ = {isa = PBXFileReference; lastKnownFileType = sourcecode.swift; path = BaseApi.swift; sourceTree = "<group>"; };
		0288475327A74448002894BE /* SportsNetwork.swift */ = {isa = PBXFileReference; lastKnownFileType = sourcecode.swift; path = SportsNetwork.swift; sourceTree = "<group>"; };
		0288475527A7456A002894BE /* SportsApi.swift */ = {isa = PBXFileReference; lastKnownFileType = sourcecode.swift; path = SportsApi.swift; sourceTree = "<group>"; };
		0288475727A746C8002894BE /* SportsResponse.swift */ = {isa = PBXFileReference; lastKnownFileType = sourcecode.swift; path = SportsResponse.swift; sourceTree = "<group>"; };
		0288475927A747D6002894BE /* Sports.swift */ = {isa = PBXFileReference; lastKnownFileType = sourcecode.swift; path = Sports.swift; sourceTree = "<group>"; };
		0288475B27A7522B002894BE /* AllSportsVCPresenter.swift */ = {isa = PBXFileReference; lastKnownFileType = sourcecode.swift; path = AllSportsVCPresenter.swift; sourceTree = "<group>"; };
		0288475D27A759F9002894BE /* EnumApiLinkes.swift */ = {isa = PBXFileReference; lastKnownFileType = sourcecode.swift; path = EnumApiLinkes.swift; sourceTree = "<group>"; };
		02C5E4A327A8468B007835E7 /* CollectionFirstScreen.swift */ = {isa = PBXFileReference; lastKnownFileType = sourcecode.swift; path = CollectionFirstScreen.swift; sourceTree = "<group>"; };
		02C5E4A527A846BD007835E7 /* CollectionViewCell.swift */ = {isa = PBXFileReference; fileEncoding = 4; lastKnownFileType = sourcecode.swift; path = CollectionViewCell.swift; sourceTree = "<group>"; };
		02C5E4A727A846C5007835E7 /* CollectionView+PresenterDelegate.swift */ = {isa = PBXFileReference; fileEncoding = 4; lastKnownFileType = sourcecode.swift; path = "CollectionView+PresenterDelegate.swift"; sourceTree = "<group>"; };
		02C5E4AB27A866CD007835E7 /* CheckInternetConnectivity.swift */ = {isa = PBXFileReference; lastKnownFileType = sourcecode.swift; path = CheckInternetConnectivity.swift; sourceTree = "<group>"; };
		02C5E4AE27A8768C007835E7 /* TableLeaguesViewController.swift */ = {isa = PBXFileReference; lastKnownFileType = sourcecode.swift; path = TableLeaguesViewController.swift; sourceTree = "<group>"; };
		55880028BD210D422D9BEA1F /* Pods-SportsApp.release.xcconfig */ = {isa = PBXFileReference; includeInIndex = 1; lastKnownFileType = text.xcconfig; name = "Pods-SportsApp.release.xcconfig"; path = "Target Support Files/Pods-SportsApp/Pods-SportsApp.release.xcconfig"; sourceTree = "<group>"; };
		8C04077727A7E833000E29BF /* LeagueDetailsViewController.swift */ = {isa = PBXFileReference; lastKnownFileType = sourcecode.swift; path = LeagueDetailsViewController.swift; sourceTree = "<group>"; };
		8C04077927A7F48A000E29BF /* Events.swift */ = {isa = PBXFileReference; lastKnownFileType = sourcecode.swift; path = Events.swift; sourceTree = "<group>"; };
		8C04077B27A7F4CA000E29BF /* Teams.swift */ = {isa = PBXFileReference; lastKnownFileType = sourcecode.swift; path = Teams.swift; sourceTree = "<group>"; };
		8C04077D27A7F53D000E29BF /* TeamsDetails.swift */ = {isa = PBXFileReference; lastKnownFileType = sourcecode.swift; path = TeamsDetails.swift; sourceTree = "<group>"; };
		8C04078127A80EB9000E29BF /* LeagueDetailsResponse.swift */ = {isa = PBXFileReference; lastKnownFileType = sourcecode.swift; path = LeagueDetailsResponse.swift; sourceTree = "<group>"; };
		8C04078A27A82DB1000E29BF /* leagueDetailsNetwork.swift */ = {isa = PBXFileReference; lastKnownFileType = sourcecode.swift; path = leagueDetailsNetwork.swift; sourceTree = "<group>"; };
		8C04078C27A83196000E29BF /* Constans.swift */ = {isa = PBXFileReference; lastKnownFileType = sourcecode.swift; path = Constans.swift; sourceTree = "<group>"; };
		C19F99ACEDB509AA4C1BBAAC /* Pods_SportsApp.framework */ = {isa = PBXFileReference; explicitFileType = wrapper.framework; includeInIndex = 0; path = Pods_SportsApp.framework; sourceTree = BUILT_PRODUCTS_DIR; };
		D3C674BC1D38F685E78E9A50 /* Pods-SportsApp.debug.xcconfig */ = {isa = PBXFileReference; includeInIndex = 1; lastKnownFileType = text.xcconfig; name = "Pods-SportsApp.debug.xcconfig"; path = "Target Support Files/Pods-SportsApp/Pods-SportsApp.debug.xcconfig"; sourceTree = "<group>"; };
/* End PBXFileReference section */

/* Begin PBXFrameworksBuildPhase section */
		02554FB027A2E0730069AC9F /* Frameworks */ = {
			isa = PBXFrameworksBuildPhase;
			buildActionMask = 2147483647;
			files = (
				343908D5FA13FEF682B9F603 /* Pods_SportsApp.framework in Frameworks */,
			);
			runOnlyForDeploymentPostprocessing = 0;
		};
/* End PBXFrameworksBuildPhase section */

/* Begin PBXGroup section */
		02554FAA27A2E0730069AC9F = {
			isa = PBXGroup;
			children = (
				02554FB527A2E0730069AC9F /* SportsApp */,
				02554FB427A2E0730069AC9F /* Products */,
				4B2E28EA7206450BBE2E4EC0 /* Pods */,
				183416720F56867CC320B250 /* Frameworks */,
			);
			sourceTree = "<group>";
		};
		02554FB427A2E0730069AC9F /* Products */ = {
			isa = PBXGroup;
			children = (
				02554FB327A2E0730069AC9F /* SportsApp.app */,
			);
			name = Products;
			sourceTree = "<group>";
		};
		02554FB527A2E0730069AC9F /* SportsApp */ = {
			isa = PBXGroup;
			children = (
				0259D23527A5E77900CFF3BE /* Core */,
				0259D23427A5E75600CFF3BE /* Resources */,
				0259D23227A5E6C500CFF3BE /* Stroyboards */,
				0259D23127A5E6B500CFF3BE /* Model */,
				0259D23327A5E6DE00CFF3BE /* Configuration */,
				0259D23627A5E81900CFF3BE /* CoreData */,
				0259D23727A5E83D00CFF3BE /* Scenes */,
			);
			path = SportsApp;
			sourceTree = "<group>";
		};
		0259D23127A5E6B500CFF3BE /* Model */ = {
			isa = PBXGroup;
			children = (
				0288475727A746C8002894BE /* SportsResponse.swift */,
				0288475927A747D6002894BE /* Sports.swift */,
				8C04077927A7F48A000E29BF /* Events.swift */,
				8C04077B27A7F4CA000E29BF /* Teams.swift */,
				8C04077D27A7F53D000E29BF /* TeamsDetails.swift */,
				8C04078127A80EB9000E29BF /* LeagueDetailsResponse.swift */,
				8C04078C27A83196000E29BF /* Constans.swift */,
			);
			path = Model;
			sourceTree = "<group>";
		};
		0259D23227A5E6C500CFF3BE /* Stroyboards */ = {
			isa = PBXGroup;
			children = (
				02554FBC27A2E0730069AC9F /* Main.storyboard */,
				0259D23D27A5EAB700CFF3BE /* SecondStoryboard.storyboard */,
			);
			path = Stroyboards;
			sourceTree = "<group>";
		};
		0259D23327A5E6DE00CFF3BE /* Configuration */ = {
			isa = PBXGroup;
			children = (
				02554FC727A2E0760069AC9F /* Info.plist */,
			);
			path = Configuration;
			sourceTree = "<group>";
		};
		0259D23427A5E75600CFF3BE /* Resources */ = {
			isa = PBXGroup;
			children = (
				02554FC227A2E0760069AC9F /* Assets.xcassets */,
				02554FC427A2E0760069AC9F /* LaunchScreen.storyboard */,
			);
			path = Resources;
			sourceTree = "<group>";
		};
		0259D23527A5E77900CFF3BE /* Core */ = {
			isa = PBXGroup;
			children = (
				02554FB627A2E0730069AC9F /* AppDelegate.swift */,
				02554FB827A2E0730069AC9F /* SceneDelegate.swift */,
			);
			path = Core;
			sourceTree = "<group>";
		};
		0259D23627A5E81900CFF3BE /* CoreData */ = {
			isa = PBXGroup;
			children = (
				02554FBF27A2E0730069AC9F /* SportsApp.xcdatamodeld */,
			);
			path = CoreData;
			sourceTree = "<group>";
		};
		0259D23727A5E83D00CFF3BE /* Scenes */ = {
			isa = PBXGroup;
			children = (
				0259D23A27A5E8EE00CFF3BE /* Views */,
				0259D23927A5E8D900CFF3BE /* Presenter */,
				0259D23827A5E85A00CFF3BE /* Interactor */,
			);
			path = Scenes;
			sourceTree = "<group>";
		};
		0259D23827A5E85A00CFF3BE /* Interactor */ = {
			isa = PBXGroup;
			children = (
				0288474D27A72143002894BE /* Networking layer */,
			);
			path = Interactor;
			sourceTree = "<group>";
		};
		0259D23927A5E8D900CFF3BE /* Presenter */ = {
			isa = PBXGroup;
			children = (
				0288475B27A7522B002894BE /* AllSportsVCPresenter.swift */,
				026E867127A9189F00AF628A /* LeaguesVCPresenter.swift */,
			);
			path = Presenter;
			sourceTree = "<group>";
		};
		0259D23A27A5E8EE00CFF3BE /* Views */ = {
			isa = PBXGroup;
			children = (
				8C04077627A7E7D6000E29BF /* Second storyboard screens */,
				0259D23B27A5E90200CFF3BE /* First storyboard screens */,
			);
			path = Views;
			sourceTree = "<group>";
		};
		0259D23B27A5E90200CFF3BE /* First storyboard screens */ = {
			isa = PBXGroup;
			children = (
				02C5E4AD27A87657007835E7 /* Leagues Second Screen */,
				02C5E4A927A8472C007835E7 /* First Screen */,
				02554FBA27A2E0730069AC9F /* ViewController.swift */,
				02591ADB27A7E8C5004193C6 /* FavouriteViewController.swift */,
			);
			path = "First storyboard screens";
			sourceTree = "<group>";
		};
		0288474B27A72127002894BE /* Networking */ = {
			isa = PBXGroup;
			children = (
				8C04078327A8107F000E29BF /* LeagueDetailsNetwork */,
				0288475227A743C8002894BE /* Sports */,
				0288474C27A72132002894BE /* Base */,
			);
			path = Networking;
			sourceTree = "<group>";
		};
		0288474C27A72132002894BE /* Base */ = {
			isa = PBXGroup;
			children = (
				0288474E27A72167002894BE /* TargetType.swift */,
				0288475027A722B2002894BE /* BaseApi.swift */,
			);
			path = Base;
			sourceTree = "<group>";
		};
		0288474D27A72143002894BE /* Networking layer */ = {
			isa = PBXGroup;
			children = (
				02C5E4AA27A86683007835E7 /* Connectivity */,
				0288474B27A72127002894BE /* Networking */,
			);
			path = "Networking layer";
			sourceTree = "<group>";
		};
		0288475227A743C8002894BE /* Sports */ = {
			isa = PBXGroup;
			children = (
				0288475327A74448002894BE /* SportsNetwork.swift */,
				0288475527A7456A002894BE /* SportsApi.swift */,
				0288475D27A759F9002894BE /* EnumApiLinkes.swift */,
			);
			path = Sports;
			sourceTree = "<group>";
		};
		02C5E4A927A8472C007835E7 /* First Screen */ = {
			isa = PBXGroup;
			children = (
				02C5E4A727A846C5007835E7 /* CollectionView+PresenterDelegate.swift */,
				02C5E4A327A8468B007835E7 /* CollectionFirstScreen.swift */,
				02C5E4A527A846BD007835E7 /* CollectionViewCell.swift */,
			);
			path = "First Screen";
			sourceTree = "<group>";
		};
		02C5E4AA27A86683007835E7 /* Connectivity */ = {
			isa = PBXGroup;
			children = (
				02C5E4AB27A866CD007835E7 /* CheckInternetConnectivity.swift */,
			);
			path = Connectivity;
			sourceTree = "<group>";
		};
		02C5E4AD27A87657007835E7 /* Leagues Second Screen */ = {
			isa = PBXGroup;
			children = (
				02C5E4AE27A8768C007835E7 /* TableLeaguesViewController.swift */,
			);
			path = "Leagues Second Screen";
			sourceTree = "<group>";
		};
		183416720F56867CC320B250 /* Frameworks */ = {
			isa = PBXGroup;
			children = (
				C19F99ACEDB509AA4C1BBAAC /* Pods_SportsApp.framework */,
			);
			name = Frameworks;
			sourceTree = "<group>";
		};
		4B2E28EA7206450BBE2E4EC0 /* Pods */ = {
			isa = PBXGroup;
			children = (
				D3C674BC1D38F685E78E9A50 /* Pods-SportsApp.debug.xcconfig */,
				55880028BD210D422D9BEA1F /* Pods-SportsApp.release.xcconfig */,
			);
			path = Pods;
			sourceTree = "<group>";
		};
		8C04077627A7E7D6000E29BF /* Second storyboard screens */ = {
			isa = PBXGroup;
			children = (
				8C04077727A7E833000E29BF /* LeagueDetailsViewController.swift */,
			);
			path = "Second storyboard screens";
			sourceTree = "<group>";
		};
		8C04078327A8107F000E29BF /* LeagueDetailsNetwork */ = {
			isa = PBXGroup;
			children = (
				8C04078A27A82DB1000E29BF /* leagueDetailsNetwork.swift */,
			);
			path = LeagueDetailsNetwork;
			sourceTree = "<group>";
		};
/* End PBXGroup section */

/* Begin PBXNativeTarget section */
		02554FB227A2E0730069AC9F /* SportsApp */ = {
			isa = PBXNativeTarget;
			buildConfigurationList = 02554FCA27A2E0760069AC9F /* Build configuration list for PBXNativeTarget "SportsApp" */;
			buildPhases = (
				05BFADC3164655AA8C64A9B9 /* [CP] Check Pods Manifest.lock */,
				02554FAF27A2E0730069AC9F /* Sources */,
				02554FB027A2E0730069AC9F /* Frameworks */,
				02554FB127A2E0730069AC9F /* Resources */,
				EFEBD041B1F87C197611B462 /* [CP] Embed Pods Frameworks */,
			);
			buildRules = (
			);
			dependencies = (
			);
			name = SportsApp;
			productName = SportsApp;
			productReference = 02554FB327A2E0730069AC9F /* SportsApp.app */;
			productType = "com.apple.product-type.application";
		};
/* End PBXNativeTarget section */

/* Begin PBXProject section */
		02554FAB27A2E0730069AC9F /* Project object */ = {
			isa = PBXProject;
			attributes = {
				LastSwiftUpdateCheck = 1130;
				LastUpgradeCheck = 1130;
				ORGANIZATIONNAME = esraa;
				TargetAttributes = {
					02554FB227A2E0730069AC9F = {
						CreatedOnToolsVersion = 11.3.1;
					};
				};
			};
			buildConfigurationList = 02554FAE27A2E0730069AC9F /* Build configuration list for PBXProject "SportsApp" */;
			compatibilityVersion = "Xcode 9.3";
			developmentRegion = en;
			hasScannedForEncodings = 0;
			knownRegions = (
				en,
				Base,
			);
			mainGroup = 02554FAA27A2E0730069AC9F;
			productRefGroup = 02554FB427A2E0730069AC9F /* Products */;
			projectDirPath = "";
			projectRoot = "";
			targets = (
				02554FB227A2E0730069AC9F /* SportsApp */,
			);
		};
/* End PBXProject section */

/* Begin PBXResourcesBuildPhase section */
		02554FB127A2E0730069AC9F /* Resources */ = {
			isa = PBXResourcesBuildPhase;
			buildActionMask = 2147483647;
			files = (
				02554FC627A2E0760069AC9F /* LaunchScreen.storyboard in Resources */,
				02554FC327A2E0760069AC9F /* Assets.xcassets in Resources */,
				02554FBE27A2E0730069AC9F /* Main.storyboard in Resources */,
				0259D23E27A5EAB700CFF3BE /* SecondStoryboard.storyboard in Resources */,
			);
			runOnlyForDeploymentPostprocessing = 0;
		};
/* End PBXResourcesBuildPhase section */

/* Begin PBXShellScriptBuildPhase section */
		05BFADC3164655AA8C64A9B9 /* [CP] Check Pods Manifest.lock */ = {
			isa = PBXShellScriptBuildPhase;
			buildActionMask = 2147483647;
			files = (
			);
			inputFileListPaths = (
			);
			inputPaths = (
				"${PODS_PODFILE_DIR_PATH}/Podfile.lock",
				"${PODS_ROOT}/Manifest.lock",
			);
			name = "[CP] Check Pods Manifest.lock";
			outputFileListPaths = (
			);
			outputPaths = (
				"$(DERIVED_FILE_DIR)/Pods-SportsApp-checkManifestLockResult.txt",
			);
			runOnlyForDeploymentPostprocessing = 0;
			shellPath = /bin/sh;
			shellScript = "diff \"${PODS_PODFILE_DIR_PATH}/Podfile.lock\" \"${PODS_ROOT}/Manifest.lock\" > /dev/null\nif [ $? != 0 ] ; then\n    # print error to STDERR\n    echo \"error: The sandbox is not in sync with the Podfile.lock. Run 'pod install' or update your CocoaPods installation.\" >&2\n    exit 1\nfi\n# This output is used by Xcode 'outputs' to avoid re-running this script phase.\necho \"SUCCESS\" > \"${SCRIPT_OUTPUT_FILE_0}\"\n";
			showEnvVarsInLog = 0;
		};
		EFEBD041B1F87C197611B462 /* [CP] Embed Pods Frameworks */ = {
			isa = PBXShellScriptBuildPhase;
			buildActionMask = 2147483647;
			files = (
			);
			inputFileListPaths = (
				"${PODS_ROOT}/Target Support Files/Pods-SportsApp/Pods-SportsApp-frameworks-${CONFIGURATION}-input-files.xcfilelist",
			);
			name = "[CP] Embed Pods Frameworks";
			outputFileListPaths = (
				"${PODS_ROOT}/Target Support Files/Pods-SportsApp/Pods-SportsApp-frameworks-${CONFIGURATION}-output-files.xcfilelist",
			);
			runOnlyForDeploymentPostprocessing = 0;
			shellPath = /bin/sh;
			shellScript = "\"${PODS_ROOT}/Target Support Files/Pods-SportsApp/Pods-SportsApp-frameworks.sh\"\n";
			showEnvVarsInLog = 0;
		};
/* End PBXShellScriptBuildPhase section */

/* Begin PBXSourcesBuildPhase section */
		02554FAF27A2E0730069AC9F /* Sources */ = {
			isa = PBXSourcesBuildPhase;
			buildActionMask = 2147483647;
			files = (
				026E867227A9189F00AF628A /* LeaguesVCPresenter.swift in Sources */,
				8C04077C27A7F4CA000E29BF /* Teams.swift in Sources */,
				0288475427A74448002894BE /* SportsNetwork.swift in Sources */,
				8C04078D27A83196000E29BF /* Constans.swift in Sources */,
				0288475C27A7522B002894BE /* AllSportsVCPresenter.swift in Sources */,
				0288474F27A72167002894BE /* TargetType.swift in Sources */,
				02554FBB27A2E0730069AC9F /* ViewController.swift in Sources */,
				02591ADC27A7E8C5004193C6 /* FavouriteViewController.swift in Sources */,
				02C5E4A827A846C5007835E7 /* CollectionView+PresenterDelegate.swift in Sources */,
				02C5E4AF27A8768C007835E7 /* TableLeaguesViewController.swift in Sources */,
				02C5E4AC27A866CD007835E7 /* CheckInternetConnectivity.swift in Sources */,
				02554FB727A2E0730069AC9F /* AppDelegate.swift in Sources */,
				02554FC127A2E0730069AC9F /* SportsApp.xcdatamodeld in Sources */,
				0288475827A746C8002894BE /* SportsResponse.swift in Sources */,
				02C5E4A627A846BD007835E7 /* CollectionViewCell.swift in Sources */,
				0288475E27A759F9002894BE /* EnumApiLinkes.swift in Sources */,
				8C04077A27A7F48A000E29BF /* Events.swift in Sources */,
				8C04078B27A82DB1000E29BF /* leagueDetailsNetwork.swift in Sources */,
				8C04077827A7E833000E29BF /* LeagueDetailsViewController.swift in Sources */,
				8C04077E27A7F53D000E29BF /* TeamsDetails.swift in Sources */,
				8C04078227A80EB9000E29BF /* LeagueDetailsResponse.swift in Sources */,
				0288475A27A747D6002894BE /* Sports.swift in Sources */,
				02554FB927A2E0730069AC9F /* SceneDelegate.swift in Sources */,
				02C5E4A427A8468B007835E7 /* CollectionFirstScreen.swift in Sources */,
				0288475127A722B2002894BE /* BaseApi.swift in Sources */,
				0288475627A7456A002894BE /* SportsApi.swift in Sources */,
			);
			runOnlyForDeploymentPostprocessing = 0;
		};
/* End PBXSourcesBuildPhase section */

/* Begin PBXVariantGroup section */
		02554FBC27A2E0730069AC9F /* Main.storyboard */ = {
			isa = PBXVariantGroup;
			children = (
				02554FBD27A2E0730069AC9F /* Base */,
			);
			name = Main.storyboard;
			sourceTree = "<group>";
		};
		02554FC427A2E0760069AC9F /* LaunchScreen.storyboard */ = {
			isa = PBXVariantGroup;
			children = (
				02554FC527A2E0760069AC9F /* Base */,
			);
			name = LaunchScreen.storyboard;
			sourceTree = "<group>";
		};
/* End PBXVariantGroup section */

/* Begin XCBuildConfiguration section */
		02554FC827A2E0760069AC9F /* Debug */ = {
			isa = XCBuildConfiguration;
			buildSettings = {
				ALWAYS_SEARCH_USER_PATHS = NO;
				CLANG_ANALYZER_NONNULL = YES;
				CLANG_ANALYZER_NUMBER_OBJECT_CONVERSION = YES_AGGRESSIVE;
				CLANG_CXX_LANGUAGE_STANDARD = "gnu++14";
				CLANG_CXX_LIBRARY = "libc++";
				CLANG_ENABLE_MODULES = YES;
				CLANG_ENABLE_OBJC_ARC = YES;
				CLANG_ENABLE_OBJC_WEAK = YES;
				CLANG_WARN_BLOCK_CAPTURE_AUTORELEASING = YES;
				CLANG_WARN_BOOL_CONVERSION = YES;
				CLANG_WARN_COMMA = YES;
				CLANG_WARN_CONSTANT_CONVERSION = YES;
				CLANG_WARN_DEPRECATED_OBJC_IMPLEMENTATIONS = YES;
				CLANG_WARN_DIRECT_OBJC_ISA_USAGE = YES_ERROR;
				CLANG_WARN_DOCUMENTATION_COMMENTS = YES;
				CLANG_WARN_EMPTY_BODY = YES;
				CLANG_WARN_ENUM_CONVERSION = YES;
				CLANG_WARN_INFINITE_RECURSION = YES;
				CLANG_WARN_INT_CONVERSION = YES;
				CLANG_WARN_NON_LITERAL_NULL_CONVERSION = YES;
				CLANG_WARN_OBJC_IMPLICIT_RETAIN_SELF = YES;
				CLANG_WARN_OBJC_LITERAL_CONVERSION = YES;
				CLANG_WARN_OBJC_ROOT_CLASS = YES_ERROR;
				CLANG_WARN_RANGE_LOOP_ANALYSIS = YES;
				CLANG_WARN_STRICT_PROTOTYPES = YES;
				CLANG_WARN_SUSPICIOUS_MOVE = YES;
				CLANG_WARN_UNGUARDED_AVAILABILITY = YES_AGGRESSIVE;
				CLANG_WARN_UNREACHABLE_CODE = YES;
				CLANG_WARN__DUPLICATE_METHOD_MATCH = YES;
				COPY_PHASE_STRIP = NO;
				DEBUG_INFORMATION_FORMAT = dwarf;
				ENABLE_STRICT_OBJC_MSGSEND = YES;
				ENABLE_TESTABILITY = YES;
				GCC_C_LANGUAGE_STANDARD = gnu11;
				GCC_DYNAMIC_NO_PIC = NO;
				GCC_NO_COMMON_BLOCKS = YES;
				GCC_OPTIMIZATION_LEVEL = 0;
				GCC_PREPROCESSOR_DEFINITIONS = (
					"DEBUG=1",
					"$(inherited)",
				);
				GCC_WARN_64_TO_32_BIT_CONVERSION = YES;
				GCC_WARN_ABOUT_RETURN_TYPE = YES_ERROR;
				GCC_WARN_UNDECLARED_SELECTOR = YES;
				GCC_WARN_UNINITIALIZED_AUTOS = YES_AGGRESSIVE;
				GCC_WARN_UNUSED_FUNCTION = YES;
				GCC_WARN_UNUSED_VARIABLE = YES;
				IPHONEOS_DEPLOYMENT_TARGET = 13.2;
				MTL_ENABLE_DEBUG_INFO = INCLUDE_SOURCE;
				MTL_FAST_MATH = YES;
				ONLY_ACTIVE_ARCH = YES;
				SDKROOT = iphoneos;
				SWIFT_ACTIVE_COMPILATION_CONDITIONS = DEBUG;
				SWIFT_OPTIMIZATION_LEVEL = "-Onone";
			};
			name = Debug;
		};
		02554FC927A2E0760069AC9F /* Release */ = {
			isa = XCBuildConfiguration;
			buildSettings = {
				ALWAYS_SEARCH_USER_PATHS = NO;
				CLANG_ANALYZER_NONNULL = YES;
				CLANG_ANALYZER_NUMBER_OBJECT_CONVERSION = YES_AGGRESSIVE;
				CLANG_CXX_LANGUAGE_STANDARD = "gnu++14";
				CLANG_CXX_LIBRARY = "libc++";
				CLANG_ENABLE_MODULES = YES;
				CLANG_ENABLE_OBJC_ARC = YES;
				CLANG_ENABLE_OBJC_WEAK = YES;
				CLANG_WARN_BLOCK_CAPTURE_AUTORELEASING = YES;
				CLANG_WARN_BOOL_CONVERSION = YES;
				CLANG_WARN_COMMA = YES;
				CLANG_WARN_CONSTANT_CONVERSION = YES;
				CLANG_WARN_DEPRECATED_OBJC_IMPLEMENTATIONS = YES;
				CLANG_WARN_DIRECT_OBJC_ISA_USAGE = YES_ERROR;
				CLANG_WARN_DOCUMENTATION_COMMENTS = YES;
				CLANG_WARN_EMPTY_BODY = YES;
				CLANG_WARN_ENUM_CONVERSION = YES;
				CLANG_WARN_INFINITE_RECURSION = YES;
				CLANG_WARN_INT_CONVERSION = YES;
				CLANG_WARN_NON_LITERAL_NULL_CONVERSION = YES;
				CLANG_WARN_OBJC_IMPLICIT_RETAIN_SELF = YES;
				CLANG_WARN_OBJC_LITERAL_CONVERSION = YES;
				CLANG_WARN_OBJC_ROOT_CLASS = YES_ERROR;
				CLANG_WARN_RANGE_LOOP_ANALYSIS = YES;
				CLANG_WARN_STRICT_PROTOTYPES = YES;
				CLANG_WARN_SUSPICIOUS_MOVE = YES;
				CLANG_WARN_UNGUARDED_AVAILABILITY = YES_AGGRESSIVE;
				CLANG_WARN_UNREACHABLE_CODE = YES;
				CLANG_WARN__DUPLICATE_METHOD_MATCH = YES;
				COPY_PHASE_STRIP = NO;
				DEBUG_INFORMATION_FORMAT = "dwarf-with-dsym";
				ENABLE_NS_ASSERTIONS = NO;
				ENABLE_STRICT_OBJC_MSGSEND = YES;
				GCC_C_LANGUAGE_STANDARD = gnu11;
				GCC_NO_COMMON_BLOCKS = YES;
				GCC_WARN_64_TO_32_BIT_CONVERSION = YES;
				GCC_WARN_ABOUT_RETURN_TYPE = YES_ERROR;
				GCC_WARN_UNDECLARED_SELECTOR = YES;
				GCC_WARN_UNINITIALIZED_AUTOS = YES_AGGRESSIVE;
				GCC_WARN_UNUSED_FUNCTION = YES;
				GCC_WARN_UNUSED_VARIABLE = YES;
				IPHONEOS_DEPLOYMENT_TARGET = 13.2;
				MTL_ENABLE_DEBUG_INFO = NO;
				MTL_FAST_MATH = YES;
				SDKROOT = iphoneos;
				SWIFT_COMPILATION_MODE = wholemodule;
				SWIFT_OPTIMIZATION_LEVEL = "-O";
				VALIDATE_PRODUCT = YES;
			};
			name = Release;
		};
		02554FCB27A2E0760069AC9F /* Debug */ = {
			isa = XCBuildConfiguration;
			baseConfigurationReference = D3C674BC1D38F685E78E9A50 /* Pods-SportsApp.debug.xcconfig */;
			buildSettings = {
				ASSETCATALOG_COMPILER_APPICON_NAME = AppIcon;
				CODE_SIGN_STYLE = Automatic;
				INFOPLIST_FILE = SportsApp/Configuration/Info.plist;
				LD_RUNPATH_SEARCH_PATHS = (
					"$(inherited)",
					"@executable_path/Frameworks",
				);
				PRODUCT_BUNDLE_IDENTIFIER = mian.SportsApp;
				PRODUCT_NAME = "$(TARGET_NAME)";
				SWIFT_VERSION = 5.0;
				TARGETED_DEVICE_FAMILY = "1,2";
			};
			name = Debug;
		};
		02554FCC27A2E0760069AC9F /* Release */ = {
			isa = XCBuildConfiguration;
			baseConfigurationReference = 55880028BD210D422D9BEA1F /* Pods-SportsApp.release.xcconfig */;
			buildSettings = {
				ASSETCATALOG_COMPILER_APPICON_NAME = AppIcon;
				CODE_SIGN_STYLE = Automatic;
				INFOPLIST_FILE = SportsApp/Configuration/Info.plist;
				LD_RUNPATH_SEARCH_PATHS = (
					"$(inherited)",
					"@executable_path/Frameworks",
				);
				PRODUCT_BUNDLE_IDENTIFIER = mian.SportsApp;
				PRODUCT_NAME = "$(TARGET_NAME)";
				SWIFT_VERSION = 5.0;
				TARGETED_DEVICE_FAMILY = "1,2";
			};
			name = Release;
		};
/* End XCBuildConfiguration section */

/* Begin XCConfigurationList section */
		02554FAE27A2E0730069AC9F /* Build configuration list for PBXProject "SportsApp" */ = {
			isa = XCConfigurationList;
			buildConfigurations = (
				02554FC827A2E0760069AC9F /* Debug */,
				02554FC927A2E0760069AC9F /* Release */,
			);
			defaultConfigurationIsVisible = 0;
			defaultConfigurationName = Release;
		};
		02554FCA27A2E0760069AC9F /* Build configuration list for PBXNativeTarget "SportsApp" */ = {
			isa = XCConfigurationList;
			buildConfigurations = (
				02554FCB27A2E0760069AC9F /* Debug */,
				02554FCC27A2E0760069AC9F /* Release */,
			);
			defaultConfigurationIsVisible = 0;
			defaultConfigurationName = Release;
		};
/* End XCConfigurationList section */

/* Begin XCVersionGroup section */
		02554FBF27A2E0730069AC9F /* SportsApp.xcdatamodeld */ = {
			isa = XCVersionGroup;
			children = (
				02554FC027A2E0730069AC9F /* SportsApp.xcdatamodel */,
			);
			currentVersion = 02554FC027A2E0730069AC9F /* SportsApp.xcdatamodel */;
			path = SportsApp.xcdatamodeld;
			sourceTree = "<group>";
			versionGroupType = wrapper.xcdatamodel;
		};
/* End XCVersionGroup section */
	};
	rootObject = 02554FAB27A2E0730069AC9F /* Project object */;
}
